# This file is automatically @generated by Cargo.
# It is not intended for manual editing.
version = 4

[[package]]
name = "config"
version = "0.1.0"

[[package]]
name = "event-bus"
version = "0.1.0"

[[package]]
name = "evorch"
version = "0.1.0"

[[package]]
name = "gui"
version = "0.1.0"

[[package]]
name = "model"
version = "0.1.0"

[[package]]
name = "providers"
version = "0.1.0"

[[package]]
name = "routing"
version = "0.1.0"

[[package]]
name = "runtime"
version = "0.1.0"

[[package]]
name = "sandbox"
version = "0.1.0"

[[package]]
name = "storage"
version = "0.1.0"

[[package]]
name = "tools"
version = "0.1.0"
